
Microsoft Visual Studio Solution File, Format Version 12.00
# Visual Studio 2012
Project("{FAE04EC0-301F-11D3-BF4B-00C04F79EFBC}") = "Fipe.NET", "Fipe.NET\Fipe.NET.csproj", "{2EFAE34E-A5F9-45EF-89BA-9D1C74054472}"
EndProject
Project("{FAE04EC0-301F-11D3-BF4B-00C04F79EFBC}") = "Fipe.NET.Tipos", "Fipe.NET.Tipos\Fipe.NET.Tipos.csproj", "{9B0E023A-8D0B-460D-9676-3BE3EC763908}"
EndProject
Project("{FAE04EC0-301F-11D3-BF4B-00C04F79EFBC}") = "Fipe.NET.Common", "Fipe.NET.Utilidades\Fipe.NET.Common.csproj", "{90C93CE5-7100-4AEC-BAB4-B3D80ED95497}"
EndProject
Global
	GlobalSection(SolutionConfigurationPlatforms) = preSolution
		Debug|Any CPU = Debug|Any CPU
		Release|Any CPU = Release|Any CPU
	EndGlobalSection
	GlobalSection(ProjectConfigurationPlatforms) = postSolution
		{2EFAE34E-A5F9-45EF-89BA-9D1C74054472}.Debug|Any CPU.ActiveCfg = Debug|Any CPU
		{2EFAE34E-A5F9-45EF-89BA-9D1C74054472}.Debug|Any CPU.Build.0 = Debug|Any CPU
		{2EFAE34E-A5F9-45EF-89BA-9D1C74054472}.Release|Any CPU.ActiveCfg = Release|Any CPU
		{2EFAE34E-A5F9-45EF-89BA-9D1C74054472}.Release|Any CPU.Build.0 = Release|Any CPU
		{9B0E023A-8D0B-460D-9676-3BE3EC763908}.Debug|Any CPU.ActiveCfg = Debug|Any CPU
		{9B0E023A-8D0B-460D-9676-3BE3EC763908}.Debug|Any CPU.Build.0 = Debug|Any CPU
		{9B0E023A-8D0B-460D-9676-3BE3EC763908}.Release|Any CPU.ActiveCfg = Release|Any CPU
		{9B0E023A-8D0B-460D-9676-3BE3EC763908}.Release|Any CPU.Build.0 = Release|Any CPU
		{90C93CE5-7100-4AEC-BAB4-B3D80ED95497}.Debug|Any CPU.ActiveCfg = Debug|Any CPU
		{90C93CE5-7100-4AEC-BAB4-B3D80ED95497}.Debug|Any CPU.Build.0 = Debug|Any CPU
		{90C93CE5-7100-4AEC-BAB4-B3D80ED95497}.Release|Any CPU.ActiveCfg = Release|Any CPU
		{90C93CE5-7100-4AEC-BAB4-B3D80ED95497}.Release|Any CPU.Build.0 = Release|Any CPU
	EndGlobalSection
	GlobalSection(SolutionProperties) = preSolution
		HideSolutionNode = FALSE
	EndGlobalSection
EndGlobal
